
Microsoft Visual Studio Solution File, Format Version 12.00
# Visual Studio Version 17
VisualStudioVersion = 17.1.32421.90
MinimumVisualStudioVersion = 10.0.40219.1
Project("{FAE04EC0-301F-11D3-BF4B-00C04F79EFBC}") = "ScaffoldingTechniques", "ScaffoldingTechniques\ScaffoldingTechniques.csproj", "{C3E09E52-1468-401F-8767-D40F6077081F}"
EndProject
Global
	GlobalSection(SolutionConfigurationPlatforms) = preSolution
		Debug|Any CPU = Debug|Any CPU
		Release|Any CPU = Release|Any CPU
	EndGlobalSection
	GlobalSection(ProjectConfigurationPlatforms) = postSolution
		{C3E09E52-1468-401F-8767-D40F6077081F}.Debug|Any CPU.ActiveCfg = Debug|Any CPU
		{C3E09E52-1468-401F-8767-D40F6077081F}.Debug|Any CPU.Build.0 = Debug|Any CPU
		{C3E09E52-1468-401F-8767-D40F6077081F}.Release|Any CPU.ActiveCfg = Release|Any CPU
		{C3E09E52-1468-401F-8767-D40F6077081F}.Release|Any CPU.Build.0 = Release|Any CPU
	EndGlobalSection
	GlobalSection(SolutionProperties) = preSolution
		HideSolutionNode = FALSE
	EndGlobalSection
	GlobalSection(ExtensibilityGlobals) = postSolution
		SolutionGuid = {1F869D97-0DF8-4C57-B4D6-3ABB36D45F2D}
	EndGlobalSection
EndGlobal
